
Microsoft Visual Studio Solution File, Format Version 12.00
# Visual Studio Version 17
VisualStudioVersion = 17.0.31903.59
MinimumVisualStudioVersion = 10.0.40219.1
Project("{FAE04EC0-301F-11D3-BF4B-00C04F79EFBC}") = "Backend", "Backend\Backend.csproj", "{C773308C-D93F-4C0B-AA75-359F906988C3}"
EndProject
Project("{2150E333-8FDC-42A3-9474-1A3956D46DE8}") = "UpemClient", "UpemClient", "{FC796311-8952-47FF-8BEA-C9C7F8199B6E}"
EndProject
Project("{FAE04EC0-301F-11D3-BF4B-00C04F79EFBC}") = "UpemClient", "UpemClient\UpemClient\UpemClient.csproj", "{5D312867-0F98-4D99-984C-F05791072FA2}"
EndProject
Project("{FAE04EC0-301F-11D3-BF4B-00C04F79EFBC}") = "UpemClient.Gtk", "UpemClient\UpemClient.Gtk\UpemClient.Gtk.csproj", "{91F14D3B-AFDF-4446-9C0D-12ABF4446455}"
EndProject
Project("{FAE04EC0-301F-11D3-BF4B-00C04F79EFBC}") = "UpemClient.Mac", "UpemClient\UpemClient.Mac\UpemClient.Mac.csproj", "{C829C850-CF33-4700-8BED-B7FA441D970F}"
EndProject
Project("{FAE04EC0-301F-11D3-BF4B-00C04F79EFBC}") = "UpemClient.Wpf", "UpemClient\UpemClient.Wpf\UpemClient.Wpf.csproj", "{00DC8F74-A7B2-4469-87BF-840ACF366AFA}"
EndProject
Global
	GlobalSection(SolutionConfigurationPlatforms) = preSolution
		Debug|Any CPU = Debug|Any CPU
		Release|Any CPU = Release|Any CPU
	EndGlobalSection
	GlobalSection(SolutionProperties) = preSolution
		HideSolutionNode = FALSE
	EndGlobalSection
	GlobalSection(ProjectConfigurationPlatforms) = postSolution
		{C773308C-D93F-4C0B-AA75-359F906988C3}.Debug|Any CPU.ActiveCfg = Debug|Any CPU
		{C773308C-D93F-4C0B-AA75-359F906988C3}.Debug|Any CPU.Build.0 = Debug|Any CPU
		{C773308C-D93F-4C0B-AA75-359F906988C3}.Release|Any CPU.ActiveCfg = Release|Any CPU
		{C773308C-D93F-4C0B-AA75-359F906988C3}.Release|Any CPU.Build.0 = Release|Any CPU
		{5D312867-0F98-4D99-984C-F05791072FA2}.Debug|Any CPU.ActiveCfg = Debug|Any CPU
		{5D312867-0F98-4D99-984C-F05791072FA2}.Debug|Any CPU.Build.0 = Debug|Any CPU
		{5D312867-0F98-4D99-984C-F05791072FA2}.Release|Any CPU.ActiveCfg = Release|Any CPU
		{5D312867-0F98-4D99-984C-F05791072FA2}.Release|Any CPU.Build.0 = Release|Any CPU
		{91F14D3B-AFDF-4446-9C0D-12ABF4446455}.Debug|Any CPU.ActiveCfg = Debug|Any CPU
		{91F14D3B-AFDF-4446-9C0D-12ABF4446455}.Debug|Any CPU.Build.0 = Debug|Any CPU
		{91F14D3B-AFDF-4446-9C0D-12ABF4446455}.Release|Any CPU.ActiveCfg = Release|Any CPU
		{91F14D3B-AFDF-4446-9C0D-12ABF4446455}.Release|Any CPU.Build.0 = Release|Any CPU
		{C829C850-CF33-4700-8BED-B7FA441D970F}.Debug|Any CPU.ActiveCfg = Debug|Any CPU
		{C829C850-CF33-4700-8BED-B7FA441D970F}.Debug|Any CPU.Build.0 = Debug|Any CPU
		{C829C850-CF33-4700-8BED-B7FA441D970F}.Release|Any CPU.ActiveCfg = Release|Any CPU
		{C829C850-CF33-4700-8BED-B7FA441D970F}.Release|Any CPU.Build.0 = Release|Any CPU
		{00DC8F74-A7B2-4469-87BF-840ACF366AFA}.Debug|Any CPU.ActiveCfg = Debug|Any CPU
		{00DC8F74-A7B2-4469-87BF-840ACF366AFA}.Debug|Any CPU.Build.0 = Debug|Any CPU
		{00DC8F74-A7B2-4469-87BF-840ACF366AFA}.Release|Any CPU.ActiveCfg = Release|Any CPU
		{00DC8F74-A7B2-4469-87BF-840ACF366AFA}.Release|Any CPU.Build.0 = Release|Any CPU
	EndGlobalSection
	GlobalSection(NestedProjects) = preSolution
		{5D312867-0F98-4D99-984C-F05791072FA2} = {FC796311-8952-47FF-8BEA-C9C7F8199B6E}
		{91F14D3B-AFDF-4446-9C0D-12ABF4446455} = {FC796311-8952-47FF-8BEA-C9C7F8199B6E}
		{C829C850-CF33-4700-8BED-B7FA441D970F} = {FC796311-8952-47FF-8BEA-C9C7F8199B6E}
		{00DC8F74-A7B2-4469-87BF-840ACF366AFA} = {FC796311-8952-47FF-8BEA-C9C7F8199B6E}
	EndGlobalSection
EndGlobal
